Microsoft Visual Studio Solution File, Format Version 11.00
# Visual Studio 2008

Project("{E88D0781-176E-0067-1849-49EC27E612AC}") = "2D UFO", "Assembly-CSharp-firstpass.csproj", "{BDF4E1D9-D1A4-2902-BB50-9D792EC4C112}"
EndProject
Project("{E88D0781-176E-0067-1849-49EC27E612AC}") = "2D UFO", "Assembly-CSharp.csproj", "{11CC299B-8460-93D7-C411-2BFED8066E83}"
EndProject
Project("{E88D0781-176E-0067-1849-49EC27E612AC}") = "2D UFO", "Assembly-CSharp-Editor.csproj", "{70A47FA3-B317-4152-C8BD-D8DD4602B770}"
EndProject
Global
	GlobalSection(SolutionConfigurationPlatforms) = preSolution
		Debug|Any CPU = Debug|Any CPU
		Release|Any CPU = Release|Any CPU
	EndGlobalSection
	GlobalSection(ProjectConfigurationPlatforms) = postSolution
		{BDF4E1D9-D1A4-2902-BB50-9D792EC4C112}.Debug|Any CPU.ActiveCfg = Debug|Any CPU
		{BDF4E1D9-D1A4-2902-BB50-9D792EC4C112}.Debug|Any CPU.Build.0 = Debug|Any CPU
		{BDF4E1D9-D1A4-2902-BB50-9D792EC4C112}.Release|Any CPU.ActiveCfg = Release|Any CPU
		{BDF4E1D9-D1A4-2902-BB50-9D792EC4C112}.Release|Any CPU.Build.0 = Release|Any CPU
		{11CC299B-8460-93D7-C411-2BFED8066E83}.Debug|Any CPU.ActiveCfg = Debug|Any CPU
		{11CC299B-8460-93D7-C411-2BFED8066E83}.Debug|Any CPU.Build.0 = Debug|Any CPU
		{11CC299B-8460-93D7-C411-2BFED8066E83}.Release|Any CPU.ActiveCfg = Release|Any CPU
		{11CC299B-8460-93D7-C411-2BFED8066E83}.Release|Any CPU.Build.0 = Release|Any CPU
		{70A47FA3-B317-4152-C8BD-D8DD4602B770}.Debug|Any CPU.ActiveCfg = Debug|Any CPU
		{70A47FA3-B317-4152-C8BD-D8DD4602B770}.Debug|Any CPU.Build.0 = Debug|Any CPU
		{70A47FA3-B317-4152-C8BD-D8DD4602B770}.Release|Any CPU.ActiveCfg = Release|Any CPU
		{70A47FA3-B317-4152-C8BD-D8DD4602B770}.Release|Any CPU.Build.0 = Release|Any CPU
	EndGlobalSection
	GlobalSection(SolutionProperties) = preSolution
		HideSolutionNode = FALSE
	EndGlobalSection
	GlobalSection(MonoDevelopProperties) = preSolution
		StartupItem = Assembly-CSharp.csproj
	EndGlobalSection
EndGlobal
